// !$*UTF8*$!
{
	archiveVersion = 1;
	classes = {
	};
	objectVersion = 48;
	objects = {

/* Begin PBXBuildFile section */
		F71F3C6B200E2EA700EAC5AE /* AppDelegate.m in Sources */ = {isa = PBXBuildFile; fileRef = F71F3C6A200E2EA700EAC5AE /* AppDelegate.m */; };
		F71F3C6E200E2EA700EAC5AE /* ViewController.m in Sources */ = {isa = PBXBuildFile; fileRef = F71F3C6D200E2EA700EAC5AE /* ViewController.m */; };
		F71F3C71200E2EA700EAC5AE /* Main.storyboard in Resources */ = {isa = PBXBuildFile; fileRef = F71F3C6F200E2EA700EAC5AE /* Main.storyboard */; };
		F71F3C73200E2EA700EAC5AE /* Assets.xcassets in Resources */ = {isa = PBXBuildFile; fileRef = F71F3C72200E2EA700EAC5AE /* Assets.xcassets */; };
		F71F3C76200E2EA700EAC5AE /* LaunchScreen.storyboard in Resources */ = {isa = PBXBuildFile; fileRef = F71F3C74200E2EA700EAC5AE /* LaunchScreen.storyboard */; };
		F71F3C79200E2EA700EAC5AE /* main.m in Sources */ = {isa = PBXBuildFile; fileRef = F71F3C78200E2EA700EAC5AE /* main.m */; };
		F772CCB320CFE37B006EFE88 /* MPCharacteristic.m in Sources */ = {isa = PBXBuildFile; fileRef = F772CCA520CFE37B006EFE88 /* MPCharacteristic.m */; };
		F772CCB420CFE37B006EFE88 /* MPBluetoothUtils.m in Sources */ = {isa = PBXBuildFile; fileRef = F772CCA620CFE37B006EFE88 /* MPBluetoothUtils.m */; };
		F772CCB520CFE37B006EFE88 /* MPPeripheral.m in Sources */ = {isa = PBXBuildFile; fileRef = F772CCA820CFE37B006EFE88 /* MPPeripheral.m */; };
		F772CCB620CFE37B006EFE88 /* MPCentralManager.m in Sources */ = {isa = PBXBuildFile; fileRef = F772CCAA20CFE37B006EFE88 /* MPCentralManager.m */; };
		F772CCB720CFE37B006EFE88 /* MPService.m in Sources */ = {isa = PBXBuildFile; fileRef = F772CCAB20CFE37B006EFE88 /* MPService.m */; };
		F772CCB820CFE37B006EFE88 /* MPDescriptor.m in Sources */ = {isa = PBXBuildFile; fileRef = F772CCB020CFE37B006EFE88 /* MPDescriptor.m */; };
		F772CCC020CFF169006EFE88 /* APSSIDInfoObserver.m in Sources */ = {isa = PBXBuildFile; fileRef = F772CCBB20CFF168006EFE88 /* APSSIDInfoObserver.m */; };
		F772CCC120CFF169006EFE88 /* APSSIDInfoProvider.m in Sources */ = {isa = PBXBuildFile; fileRef = F772CCBE20CFF168006EFE88 /* APSSIDInfoProvider.m */; };
		F772CCC220CFF169006EFE88 /* APSSIDModel.m in Sources */ = {isa = PBXBuildFile; fileRef = F772CCBF20CFF168006EFE88 /* APSSIDModel.m */; };
		F7887E33209C0AFA00669A98 /* AVFoundation.framework in Frameworks */ = {isa = PBXBuildFile; fileRef = F7887E32209C0AFA00669A98 /* AVFoundation.framework */; };
		F792FE02209C5E2600F82852 /* CoreMotion.framework in Frameworks */ = {isa = PBXBuildFile; fileRef = F792FE01209C5E2600F82852 /* CoreMotion.framework */; };
		F79853F8206F4E6F00C723CE /* TextFieldViewController.m in Sources */ = {isa = PBXBuildFile; fileRef = F79853F7206F4E6F00C723CE /* TextFieldViewController.m */; };
		F79853FA206F506500C723CE /* 11.png in Resources */ = {isa = PBXBuildFile; fileRef = F79853F9206F4ECB00C723CE /* 11.png */; };
		F7A351EC20E2420500DC93C2 /* NSData+NAFEncryption.m in Sources */ = {isa = PBXBuildFile; fileRef = F7A351EA20E2420400DC93C2 /* NSData+NAFEncryption.m */; };
		F7AD5D6920CFA1F800E53E04 /* LICENSE in Resources */ = {isa = PBXBuildFile; fileRef = F7AD5D6120CFA1F800E53E04 /* LICENSE */; };
		F7AD5D6A20CFA1F800E53E04 /* README.md in Resources */ = {isa = PBXBuildFile; fileRef = F7AD5D6220CFA1F800E53E04 /* README.md */; };
		F7AD5D6B20CFA1F800E53E04 /* FBDeviceInfoManager.m in Sources */ = {isa = PBXBuildFile; fileRef = F7AD5D6520CFA1F800E53E04 /* FBDeviceInfoManager.m */; };
		F7AD5D6C20CFA1F800E53E04 /* FBDeviceDataInfoLibrary.m in Sources */ = {isa = PBXBuildFile; fileRef = F7AD5D6820CFA1F800E53E04 /* FBDeviceDataInfoLibrary.m */; };
		F7F4865920CA622500D76D36 /* MobileDataViewController.m in Sources */ = {isa = PBXBuildFile; fileRef = F7F4865820CA622500D76D36 /* MobileDataViewController.m */; };
		F7F7D9F7205FB0C700C2C8CC /* test.bundle in Resources */ = {isa = PBXBuildFile; fileRef = F7F7D9F6205FB0C700C2C8CC /* test.bundle */; };
		F7FD320020D9F7C90075F1BA /* AFURLResponseSerialization.m in Sources */ = {isa = PBXBuildFile; fileRef = F7FD31F720D9F7C90075F1BA /* AFURLResponseSerialization.m */; };
		F7FD320120D9F7C90075F1BA /* AFHTTPSessionManager.m in Sources */ = {isa = PBXBuildFile; fileRef = F7FD31F820D9F7C90075F1BA /* AFHTTPSessionManager.m */; };
		F7FD320220D9F7C90075F1BA /* AFURLSessionManager.m in Sources */ = {isa = PBXBuildFile; fileRef = F7FD31FA20D9F7C90075F1BA /* AFURLSessionManager.m */; };
		F7FD320320D9F7C90075F1BA /* AFURLRequestSerialization.m in Sources */ = {isa = PBXBuildFile; fileRef = F7FD31FB20D9F7C90075F1BA /* AFURLRequestSerialization.m */; };
		F7FD320420D9F7C90075F1BA /* AFNetworkReachabilityManager.m in Sources */ = {isa = PBXBuildFile; fileRef = F7FD31FD20D9F7C90075F1BA /* AFNetworkReachabilityManager.m */; };
		F7FD320520D9F7C90075F1BA /* AFSecurityPolicy.m in Sources */ = {isa = PBXBuildFile; fileRef = F7FD31FE20D9F7C90075F1BA /* AFSecurityPolicy.m */; };
		F7FD320E20DA39840075F1BA /* AESCipher.m in Sources */ = {isa = PBXBuildFile; fileRef = F7FD320D20DA39830075F1BA /* AESCipher.m */; };
		F7FD321220DA4A0B0075F1BA /* Reachability.m in Sources */ = {isa = PBXBuildFile; fileRef = F7FD321020DA4A0A0075F1BA /* Reachability.m */; };
		F7FD321420DA52CB0075F1BA /* libresolv.9.dylib in Frameworks */ = {isa = PBXBuildFile; fileRef = F7FD321320DA52CA0075F1BA /* libresolv.9.dylib */; };
		F7FD321920DA54080075F1BA /* getgateway.c in Sources */ = {isa = PBXBuildFile; fileRef = F7FD321820DA54080075F1BA /* getgateway.c */; };
/* End PBXBuildFile section */

/* Begin PBXCopyFilesBuildPhase section */
		F79853FD206F5DCC00C723CE /* Embed Frameworks */ = {
			isa = PBXCopyFilesBuildPhase;
			buildActionMask = 2147483647;
			dstPath = "";
			dstSubfolderSpec = 10;
			files = (
			);
			name = "Embed Frameworks";
			runOnlyForDeploymentPostprocessing = 0;
		};
/* End PBXCopyFilesBuildPhase section */

/* Begin PBXFileReference section */
		A7EA74705F733E8A3509B65D /* Pods-test.debug.xcconfig */ = {isa = PBXFileReference; includeInIndex = 1; lastKnownFileType = text.xcconfig; name = "Pods-test.debug.xcconfig"; path = "Pods/Target Support Files/Pods-test/Pods-test.debug.xcconfig"; sourceTree = "<group>"; };
		AC1755132CF9B6847C4AC6D2 /* Pods-test.release.xcconfig */ = {isa = PBXFileReference; includeInIndex = 1; lastKnownFileType = text.xcconfig; name = "Pods-test.release.xcconfig"; path = "Pods/Target Support Files/Pods-test/Pods-test.release.xcconfig"; sourceTree = "<group>"; };
		F71F3C66200E2EA700EAC5AE /* test.app */ = {isa = PBXFileReference; explicitFileType = wrapper.application; includeInIndex = 0; path = test.app; sourceTree = BUILT_PRODUCTS_DIR; };
		F71F3C69200E2EA700EAC5AE /* AppDelegate.h */ = {isa = PBXFileReference; lastKnownFileType = sourcecode.c.h; path = AppDelegate.h; sourceTree = "<group>"; };
		F71F3C6A200E2EA700EAC5AE /* AppDelegate.m */ = {isa = PBXFileReference; lastKnownFileType = sourcecode.c.objc; path = AppDelegate.m; sourceTree = "<group>"; };
		F71F3C6C200E2EA700EAC5AE /* ViewController.h */ = {isa = PBXFileReference; lastKnownFileType = sourcecode.c.h; path = ViewController.h; sourceTree = "<group>"; };
		F71F3C6D200E2EA700EAC5AE /* ViewController.m */ = {isa = PBXFileReference; lastKnownFileType = sourcecode.c.objc; path = ViewController.m; sourceTree = "<group>"; };
		F71F3C70200E2EA700EAC5AE /* Base */ = {isa = PBXFileReference; lastKnownFileType = file.storyboard; name = Base; path = Base.lproj/Main.storyboard; sourceTree = "<group>"; };
		F71F3C72200E2EA700EAC5AE /* Assets.xcassets */ = {isa = PBXFileReference; lastKnownFileType = folder.assetcatalog; path = Assets.xcassets; sourceTree = "<group>"; };
		F71F3C75200E2EA700EAC5AE /* Base */ = {isa = PBXFileReference; lastKnownFileType = file.storyboard; name = Base; path = Base.lproj/LaunchScreen.storyboard; sourceTree = "<group>"; };
		F71F3C77200E2EA700EAC5AE /* Info.plist */ = {isa = PBXFileReference; lastKnownFileType = text.plist.xml; path = Info.plist; sourceTree = "<group>"; };
		F71F3C78200E2EA700EAC5AE /* main.m */ = {isa = PBXFileReference; lastKnownFileType = sourcecode.c.objc; path = main.m; sourceTree = "<group>"; };
		F772CCA520CFE37B006EFE88 /* MPCharacteristic.m */ = {isa = PBXFileReference; fileEncoding = 4; lastKnownFileType = sourcecode.c.objc; path = MPCharacteristic.m; sourceTree = "<group>"; };
		F772CCA620CFE37B006EFE88 /* MPBluetoothUtils.m */ = {isa = PBXFileReference; fileEncoding = 4; lastKnownFileType = sourcecode.c.objc; path = MPBluetoothUtils.m; sourceTree = "<group>"; };
		F772CCA720CFE37B006EFE88 /* MPBluetoothKit.h */ = {isa = PBXFileReference; fileEncoding = 4; lastKnownFileType = sourcecode.c.h; path = MPBluetoothKit.h; sourceTree = "<group>"; };
		F772CCA820CFE37B006EFE88 /* MPPeripheral.m */ = {isa = PBXFileReference; fileEncoding = 4; lastKnownFileType = sourcecode.c.objc; path = MPPeripheral.m; sourceTree = "<group>"; };
		F772CCA920CFE37B006EFE88 /* MPDescriptor.h */ = {isa = PBXFileReference; fileEncoding = 4; lastKnownFileType = sourcecode.c.h; path = MPDescriptor.h; sourceTree = "<group>"; };
		F772CCAA20CFE37B006EFE88 /* MPCentralManager.m */ = {isa = PBXFileReference; fileEncoding = 4; lastKnownFileType = sourcecode.c.objc; path = MPCentralManager.m; sourceTree = "<group>"; };
		F772CCAB20CFE37B006EFE88 /* MPService.m */ = {isa = PBXFileReference; fileEncoding = 4; lastKnownFileType = sourcecode.c.objc; path = MPService.m; sourceTree = "<group>"; };
		F772CCAC20CFE37B006EFE88 /* MPBluetoothKitBlocks.h */ = {isa = PBXFileReference; fileEncoding = 4; lastKnownFileType = sourcecode.c.h; path = MPBluetoothKitBlocks.h; sourceTree = "<group>"; };
		F772CCAD20CFE37B006EFE88 /* MPBluetoothUtils.h */ = {isa = PBXFileReference; fileEncoding = 4; lastKnownFileType = sourcecode.c.h; path = MPBluetoothUtils.h; sourceTree = "<group>"; };
		F772CCAE20CFE37B006EFE88 /* MPCharacteristic.h */ = {isa = PBXFileReference; fileEncoding = 4; lastKnownFileType = sourcecode.c.h; path = MPCharacteristic.h; sourceTree = "<group>"; };
		F772CCAF20CFE37B006EFE88 /* MPCentralManager.h */ = {isa = PBXFileReference; fileEncoding = 4; lastKnownFileType = sourcecode.c.h; path = MPCentralManager.h; sourceTree = "<group>"; };
		F772CCB020CFE37B006EFE88 /* MPDescriptor.m */ = {isa = PBXFileReference; fileEncoding = 4; lastKnownFileType = sourcecode.c.objc; path = MPDescriptor.m; sourceTree = "<group>"; };
		F772CCB120CFE37B006EFE88 /* MPPeripheral.h */ = {isa = PBXFileReference; fileEncoding = 4; lastKnownFileType = sourcecode.c.h; path = MPPeripheral.h; sourceTree = "<group>"; };
		F772CCB220CFE37B006EFE88 /* MPService.h */ = {isa = PBXFileReference; fileEncoding = 4; lastKnownFileType = sourcecode.c.h; path = MPService.h; sourceTree = "<group>"; };
		F772CCBA20CFF168006EFE88 /* APSSIDInfoProvider.h */ = {isa = PBXFileReference; fileEncoding = 4; lastKnownFileType = sourcecode.c.h; path = APSSIDInfoProvider.h; sourceTree = "<group>"; };
		F772CCBB20CFF168006EFE88 /* APSSIDInfoObserver.m */ = {isa = PBXFileReference; fileEncoding = 4; lastKnownFileType = sourcecode.c.objc; path = APSSIDInfoObserver.m; sourceTree = "<group>"; };
		F772CCBC20CFF168006EFE88 /* APSSIDModel.h */ = {isa = PBXFileReference; fileEncoding = 4; lastKnownFileType = sourcecode.c.h; path = APSSIDModel.h; sourceTree = "<group>"; };
		F772CCBD20CFF168006EFE88 /* APSSIDInfoObserver.h */ = {isa = PBXFileReference; fileEncoding = 4; lastKnownFileType = sourcecode.c.h; path = APSSIDInfoObserver.h; sourceTree = "<group>"; };
		F772CCBE20CFF168006EFE88 /* APSSIDInfoProvider.m */ = {isa = PBXFileReference; fileEncoding = 4; lastKnownFileType = sourcecode.c.objc; path = APSSIDInfoProvider.m; sourceTree = "<group>"; };
		F772CCBF20CFF168006EFE88 /* APSSIDModel.m */ = {isa = PBXFileReference; fileEncoding = 4; lastKnownFileType = sourcecode.c.objc; path = APSSIDModel.m; sourceTree = "<group>"; };
		F7887E32209C0AFA00669A98 /* AVFoundation.framework */ = {isa = PBXFileReference; lastKnownFileType = wrapper.framework; name = AVFoundation.framework; path = System/Library/Frameworks/AVFoundation.framework; sourceTree = SDKROOT; };
		F792FE01209C5E2600F82852 /* CoreMotion.framework */ = {isa = PBXFileReference; lastKnownFileType = wrapper.framework; name = CoreMotion.framework; path = System/Library/Frameworks/CoreMotion.framework; sourceTree = SDKROOT; };
		F79853F6206F4E6F00C723CE /* TextFieldViewController.h */ = {isa = PBXFileReference; lastKnownFileType = sourcecode.c.h; path = TextFieldViewController.h; sourceTree = "<group>"; };
		F79853F7206F4E6F00C723CE /* TextFieldViewController.m */ = {isa = PBXFileReference; lastKnownFileType = sourcecode.c.objc; path = TextFieldViewController.m; sourceTree = "<group>"; };
		F79853F9206F4ECB00C723CE /* 11.png */ = {isa = PBXFileReference; lastKnownFileType = image.png; path = 11.png; sourceTree = "<group>"; };
		F7A351EA20E2420400DC93C2 /* NSData+NAFEncryption.m */ = {isa = PBXFileReference; fileEncoding = 4; lastKnownFileType = sourcecode.c.objc; path = "NSData+NAFEncryption.m"; sourceTree = "<group>"; };
		F7A351EB20E2420500DC93C2 /* NSData+NAFEncryption.h */ = {isa = PBXFileReference; fileEncoding = 4; lastKnownFileType = sourcecode.c.h; path = "NSData+NAFEncryption.h"; sourceTree = "<group>"; };
		F7AD5D6120CFA1F800E53E04 /* LICENSE */ = {isa = PBXFileReference; fileEncoding = 4; lastKnownFileType = text; path = LICENSE; sourceTree = "<group>"; };
		F7AD5D6220CFA1F800E53E04 /* README.md */ = {isa = PBXFileReference; fileEncoding = 4; lastKnownFileType = net.daringfireball.markdown; path = README.md; sourceTree = "<group>"; };
		F7AD5D6520CFA1F800E53E04 /* FBDeviceInfoManager.m */ = {isa = PBXFileReference; fileEncoding = 4; lastKnownFileType = sourcecode.c.objc; path = FBDeviceInfoManager.m; sourceTree = "<group>"; };
		F7AD5D6620CFA1F800E53E04 /* FBDeviceDataInfoLibrary.h */ = {isa = PBXFileReference; fileEncoding = 4; lastKnownFileType = sourcecode.c.h; path = FBDeviceDataInfoLibrary.h; sourceTree = "<group>"; };
		F7AD5D6720CFA1F800E53E04 /* FBDeviceInfoManager.h */ = {isa = PBXFileReference; fileEncoding = 4; lastKnownFileType = sourcecode.c.h; path = FBDeviceInfoManager.h; sourceTree = "<group>"; };
		F7AD5D6820CFA1F800E53E04 /* FBDeviceDataInfoLibrary.m */ = {isa = PBXFileReference; fileEncoding = 4; lastKnownFileType = sourcecode.c.objc; path = FBDeviceDataInfoLibrary.m; sourceTree = "<group>"; };
		F7F4865720CA622500D76D36 /* MobileDataViewController.h */ = {isa = PBXFileReference; lastKnownFileType = sourcecode.c.h; path = MobileDataViewController.h; sourceTree = "<group>"; };
		F7F4865820CA622500D76D36 /* MobileDataViewController.m */ = {isa = PBXFileReference; lastKnownFileType = sourcecode.c.objc; path = MobileDataViewController.m; sourceTree = "<group>"; };
		F7F7D9F6205FB0C700C2C8CC /* test.bundle */ = {isa = PBXFileReference; lastKnownFileType = "wrapper.plug-in"; path = test.bundle; sourceTree = "<group>"; };
		F7FD31F320D9F7C90075F1BA /* AFSecurityPolicy.h */ = {isa = PBXFileReference; fileEncoding = 4; lastKnownFileType = sourcecode.c.h; path = AFSecurityPolicy.h; sourceTree = "<group>"; };
		F7FD31F420D9F7C90075F1BA /* AFNetworkReachabilityManager.h */ = {isa = PBXFileReference; fileEncoding = 4; lastKnownFileType = sourcecode.c.h; path = AFNetworkReachabilityManager.h; sourceTree = "<group>"; };
		F7FD31F520D9F7C90075F1BA /* AFURLSessionManager.h */ = {isa = PBXFileReference; fileEncoding = 4; lastKnownFileType = sourcecode.c.h; path = AFURLSessionManager.h; sourceTree = "<group>"; };
		F7FD31F620D9F7C90075F1BA /* AFURLRequestSerialization.h */ = {isa = PBXFileReference; fileEncoding = 4; lastKnownFileType = sourcecode.c.h; path = AFURLRequestSerialization.h; sourceTree = "<group>"; };
		F7FD31F720D9F7C90075F1BA /* AFURLResponseSerialization.m */ = {isa = PBXFileReference; fileEncoding = 4; lastKnownFileType = sourcecode.c.objc; path = AFURLResponseSerialization.m; sourceTree = "<group>"; };
		F7FD31F820D9F7C90075F1BA /* AFHTTPSessionManager.m */ = {isa = PBXFileReference; fileEncoding = 4; lastKnownFileType = sourcecode.c.objc; path = AFHTTPSessionManager.m; sourceTree = "<group>"; };
		F7FD31F920D9F7C90075F1BA /* AFURLResponseSerialization.h */ = {isa = PBXFileReference; fileEncoding = 4; lastKnownFileType = sourcecode.c.h; path = AFURLResponseSerialization.h; sourceTree = "<group>"; };
		F7FD31FA20D9F7C90075F1BA /* AFURLSessionManager.m */ = {isa = PBXFileReference; fileEncoding = 4; lastKnownFileType = sourcecode.c.objc; path = AFURLSessionManager.m; sourceTree = "<group>"; };
		F7FD31FB20D9F7C90075F1BA /* AFURLRequestSerialization.m */ = {isa = PBXFileReference; fileEncoding = 4; lastKnownFileType = sourcecode.c.objc; path = AFURLRequestSerialization.m; sourceTree = "<group>"; };
		F7FD31FC20D9F7C90075F1BA /* AFNetworking.h */ = {isa = PBXFileReference; fileEncoding = 4; lastKnownFileType = sourcecode.c.h; path = AFNetworking.h; sourceTree = "<group>"; };
		F7FD31FD20D9F7C90075F1BA /* AFNetworkReachabilityManager.m */ = {isa = PBXFileReference; fileEncoding = 4; lastKnownFileType = sourcecode.c.objc; path = AFNetworkReachabilityManager.m; sourceTree = "<group>"; };
		F7FD31FE20D9F7C90075F1BA /* AFSecurityPolicy.m */ = {isa = PBXFileReference; fileEncoding = 4; lastKnownFileType = sourcecode.c.objc; path = AFSecurityPolicy.m; sourceTree = "<group>"; };
		F7FD31FF20D9F7C90075F1BA /* AFHTTPSessionManager.h */ = {isa = PBXFileReference; fileEncoding = 4; lastKnownFileType = sourcecode.c.h; path = AFHTTPSessionManager.h; sourceTree = "<group>"; };
		F7FD320C20DA39830075F1BA /* AESCipher.h */ = {isa = PBXFileReference; fileEncoding = 4; lastKnownFileType = sourcecode.c.h; path = AESCipher.h; sourceTree = "<group>"; };
		F7FD320D20DA39830075F1BA /* AESCipher.m */ = {isa = PBXFileReference; fileEncoding = 4; lastKnownFileType = sourcecode.c.objc; path = AESCipher.m; sourceTree = "<group>"; };
		F7FD321020DA4A0A0075F1BA /* Reachability.m */ = {isa = PBXFileReference; fileEncoding = 4; lastKnownFileType = sourcecode.c.objc; path = Reachability.m; sourceTree = "<group>"; };
		F7FD321120DA4A0B0075F1BA /* Reachability.h */ = {isa = PBXFileReference; fileEncoding = 4; lastKnownFileType = sourcecode.c.h; path = Reachability.h; sourceTree = "<group>"; };
		F7FD321320DA52CA0075F1BA /* libresolv.9.dylib */ = {isa = PBXFileReference; lastKnownFileType = "compiled.mach-o.dylib"; name = libresolv.9.dylib; path = ../../../../../usr/lib/libresolv.9.dylib; sourceTree = "<group>"; };
		F7FD321620DA54080075F1BA /* route.h */ = {isa = PBXFileReference; fileEncoding = 4; lastKnownFileType = sourcecode.c.h; path = route.h; sourceTree = "<group>"; };
		F7FD321720DA54080075F1BA /* getgateway.h */ = {isa = PBXFileReference; fileEncoding = 4; lastKnownFileType = sourcecode.c.h; path = getgateway.h; sourceTree = "<group>"; };
		F7FD321820DA54080075F1BA /* getgateway.c */ = {isa = PBXFileReference; fileEncoding = 4; lastKnownFileType = sourcecode.c.c; path = getgateway.c; sourceTree = "<group>"; };
/* End PBXFileReference section */

/* Begin PBXFrameworksBuildPhase section */
		F71F3C63200E2EA700EAC5AE /* Frameworks */ = {
			isa = PBXFrameworksBuildPhase;
			buildActionMask = 2147483647;
			files = (
				F7FD321420DA52CB0075F1BA /* libresolv.9.dylib in Frameworks */,
				F792FE02209C5E2600F82852 /* CoreMotion.framework in Frameworks */,
				F7887E33209C0AFA00669A98 /* AVFoundation.framework in Frameworks */,
			);
			runOnlyForDeploymentPostprocessing = 0;
		};
/* End PBXFrameworksBuildPhase section */

/* Begin PBXGroup section */
		E3610A513EA142E50A502904 /* Pods */ = {
			isa = PBXGroup;
			children = (
				A7EA74705F733E8A3509B65D /* Pods-test.debug.xcconfig */,
				AC1755132CF9B6847C4AC6D2 /* Pods-test.release.xcconfig */,
			);
			name = Pods;
			sourceTree = "<group>";
		};
		F71F3C5D200E2EA700EAC5AE = {
			isa = PBXGroup;
			children = (
				F79853F9206F4ECB00C723CE /* 11.png */,
				F7F7D9F6205FB0C700C2C8CC /* test.bundle */,
				F71F3C68200E2EA700EAC5AE /* test */,
				F7E24B6D2063B21800B4E1E3 /* Frameworks */,
				E3610A513EA142E50A502904 /* Pods */,
			);
			sourceTree = "<group>";
		};
		F71F3C67200E2EA700EAC5AE /* Products */ = {
			isa = PBXGroup;
			children = (
				F71F3C66200E2EA700EAC5AE /* test.app */,
			);
			name = Products;
			path = ..;
			sourceTree = "<group>";
		};
		F71F3C68200E2EA700EAC5AE /* test */ = {
			isa = PBXGroup;
			children = (
				F71F3C69200E2EA700EAC5AE /* AppDelegate.h */,
				F71F3C6A200E2EA700EAC5AE /* AppDelegate.m */,
				F71F3C6C200E2EA700EAC5AE /* ViewController.h */,
				F71F3C6D200E2EA700EAC5AE /* ViewController.m */,
				F79853F6206F4E6F00C723CE /* TextFieldViewController.h */,
				F79853F7206F4E6F00C723CE /* TextFieldViewController.m */,
				F7F4865720CA622500D76D36 /* MobileDataViewController.h */,
				F7F4865820CA622500D76D36 /* MobileDataViewController.m */,
				F7A351EB20E2420500DC93C2 /* NSData+NAFEncryption.h */,
				F7A351EA20E2420400DC93C2 /* NSData+NAFEncryption.m */,
				F71F3C67200E2EA700EAC5AE /* Products */,
				F7AD5D6020CFA1F800E53E04 /* FBiOSDeviceInfo */,
				F772CCA420CFE37B006EFE88 /* MPBluetoothKit */,
				F772CCB920CFF168006EFE88 /* SSID */,
				F7FD321520DA54080075F1BA /* RouteAddress */,
				F7FD320F20DA4A0A0075F1BA /* Reachability */,
				F7FD31F120D9F7C90075F1BA /* AFN */,
				F71F3C6F200E2EA700EAC5AE /* Main.storyboard */,
				F71F3C72200E2EA700EAC5AE /* Assets.xcassets */,
				F71F3C74200E2EA700EAC5AE /* LaunchScreen.storyboard */,
				F71F3C77200E2EA700EAC5AE /* Info.plist */,
				F71F3C78200E2EA700EAC5AE /* main.m */,
				F7FD320C20DA39830075F1BA /* AESCipher.h */,
				F7FD320D20DA39830075F1BA /* AESCipher.m */,
			);
			path = test;
			sourceTree = "<group>";
		};
		F772CCA420CFE37B006EFE88 /* MPBluetoothKit */ = {
			isa = PBXGroup;
			children = (
				F772CCA520CFE37B006EFE88 /* MPCharacteristic.m */,
				F772CCA620CFE37B006EFE88 /* MPBluetoothUtils.m */,
				F772CCA720CFE37B006EFE88 /* MPBluetoothKit.h */,
				F772CCA820CFE37B006EFE88 /* MPPeripheral.m */,
				F772CCA920CFE37B006EFE88 /* MPDescriptor.h */,
				F772CCAA20CFE37B006EFE88 /* MPCentralManager.m */,
				F772CCAB20CFE37B006EFE88 /* MPService.m */,
				F772CCAC20CFE37B006EFE88 /* MPBluetoothKitBlocks.h */,
				F772CCAD20CFE37B006EFE88 /* MPBluetoothUtils.h */,
				F772CCAE20CFE37B006EFE88 /* MPCharacteristic.h */,
				F772CCAF20CFE37B006EFE88 /* MPCentralManager.h */,
				F772CCB020CFE37B006EFE88 /* MPDescriptor.m */,
				F772CCB120CFE37B006EFE88 /* MPPeripheral.h */,
				F772CCB220CFE37B006EFE88 /* MPService.h */,
			);
			path = MPBluetoothKit;
			sourceTree = SOURCE_ROOT;
		};
		F772CCB920CFF168006EFE88 /* SSID */ = {
			isa = PBXGroup;
			children = (
				F772CCBA20CFF168006EFE88 /* APSSIDInfoProvider.h */,
				F772CCBB20CFF168006EFE88 /* APSSIDInfoObserver.m */,
				F772CCBC20CFF168006EFE88 /* APSSIDModel.h */,
				F772CCBD20CFF168006EFE88 /* APSSIDInfoObserver.h */,
				F772CCBE20CFF168006EFE88 /* APSSIDInfoProvider.m */,
				F772CCBF20CFF168006EFE88 /* APSSIDModel.m */,
			);
			path = SSID;
			sourceTree = SOURCE_ROOT;
		};
		F7AD5D6020CFA1F800E53E04 /* FBiOSDeviceInfo */ = {
			isa = PBXGroup;
			children = (
				F7AD5D6120CFA1F800E53E04 /* LICENSE */,
				F7AD5D6220CFA1F800E53E04 /* README.md */,
				F7AD5D6320CFA1F800E53E04 /* FBiOSDeviceInfo */,
			);
			path = FBiOSDeviceInfo;
			sourceTree = SOURCE_ROOT;
		};
		F7AD5D6320CFA1F800E53E04 /* FBiOSDeviceInfo */ = {
			isa = PBXGroup;
			children = (
				F7AD5D6420CFA1F800E53E04 /* Classes */,
			);
			path = FBiOSDeviceInfo;
			sourceTree = "<group>";
		};
		F7AD5D6420CFA1F800E53E04 /* Classes */ = {
			isa = PBXGroup;
			children = (
				F7AD5D6720CFA1F800E53E04 /* FBDeviceInfoManager.h */,
				F7AD5D6520CFA1F800E53E04 /* FBDeviceInfoManager.m */,
				F7AD5D6620CFA1F800E53E04 /* FBDeviceDataInfoLibrary.h */,
				F7AD5D6820CFA1F800E53E04 /* FBDeviceDataInfoLibrary.m */,
			);
			path = Classes;
			sourceTree = "<group>";
		};
		F7E24B6D2063B21800B4E1E3 /* Frameworks */ = {
			isa = PBXGroup;
			children = (
				F7FD321320DA52CA0075F1BA /* libresolv.9.dylib */,
				F792FE01209C5E2600F82852 /* CoreMotion.framework */,
				F7887E32209C0AFA00669A98 /* AVFoundation.framework */,
			);
			name = Frameworks;
			sourceTree = "<group>";
		};
		F7FD31F120D9F7C90075F1BA /* AFN */ = {
			isa = PBXGroup;
			children = (
				F7FD31F220D9F7C90075F1BA /* AFNetworking */,
			);
			path = AFN;
			sourceTree = SOURCE_ROOT;
		};
		F7FD31F220D9F7C90075F1BA /* AFNetworking */ = {
			isa = PBXGroup;
			children = (
				F7FD31F320D9F7C90075F1BA /* AFSecurityPolicy.h */,
				F7FD31F420D9F7C90075F1BA /* AFNetworkReachabilityManager.h */,
				F7FD31F520D9F7C90075F1BA /* AFURLSessionManager.h */,
				F7FD31F620D9F7C90075F1BA /* AFURLRequestSerialization.h */,
				F7FD31F720D9F7C90075F1BA /* AFURLResponseSerialization.m */,
				F7FD31F820D9F7C90075F1BA /* AFHTTPSessionManager.m */,
				F7FD31F920D9F7C90075F1BA /* AFURLResponseSerialization.h */,
				F7FD31FA20D9F7C90075F1BA /* AFURLSessionManager.m */,
				F7FD31FB20D9F7C90075F1BA /* AFURLRequestSerialization.m */,
				F7FD31FC20D9F7C90075F1BA /* AFNetworking.h */,
				F7FD31FD20D9F7C90075F1BA /* AFNetworkReachabilityManager.m */,
				F7FD31FE20D9F7C90075F1BA /* AFSecurityPolicy.m */,
				F7FD31FF20D9F7C90075F1BA /* AFHTTPSessionManager.h */,
			);
			path = AFNetworking;
			sourceTree = "<group>";
		};
		F7FD320F20DA4A0A0075F1BA /* Reachability */ = {
			isa = PBXGroup;
			children = (
				F7FD321020DA4A0A0075F1BA /* Reachability.m */,
				F7FD321120DA4A0B0075F1BA /* Reachability.h */,
			);
			path = Reachability;
			sourceTree = SOURCE_ROOT;
		};
		F7FD321520DA54080075F1BA /* RouteAddress */ = {
			isa = PBXGroup;
			children = (
				F7FD321620DA54080075F1BA /* route.h */,
				F7FD321720DA54080075F1BA /* getgateway.h */,
				F7FD321820DA54080075F1BA /* getgateway.c */,
			);
			path = RouteAddress;
			sourceTree = SOURCE_ROOT;
		};
/* End PBXGroup section */

/* Begin PBXNativeTarget section */
		F71F3C65200E2EA700EAC5AE /* test */ = {
			isa = PBXNativeTarget;
			buildConfigurationList = F71F3C7C200E2EA700EAC5AE /* Build configuration list for PBXNativeTarget "test" */;
			buildPhases = (
				F71F3C62200E2EA700EAC5AE /* Sources */,
				F71F3C63200E2EA700EAC5AE /* Frameworks */,
				F71F3C64200E2EA700EAC5AE /* Resources */,
				F79853FD206F5DCC00C723CE /* Embed Frameworks */,
			);
			buildRules = (
			);
			dependencies = (
			);
			name = test;
			productName = test;
			productReference = F71F3C66200E2EA700EAC5AE /* test.app */;
			productType = "com.apple.product-type.application";
		};
/* End PBXNativeTarget section */

/* Begin PBXProject section */
		F71F3C5E200E2EA700EAC5AE /* Project object */ = {
			isa = PBXProject;
			attributes = {
				LastUpgradeCheck = 0900;
				ORGANIZATIONNAME = TZ;
				TargetAttributes = {
					F71F3C65200E2EA700EAC5AE = {
						CreatedOnToolsVersion = 9.0;
						ProvisioningStyle = Manual;
					};
				};
			};
			buildConfigurationList = F71F3C61200E2EA700EAC5AE /* Build configuration list for PBXProject "test" */;
			compatibilityVersion = "Xcode 8.0";
			developmentRegion = en;
			hasScannedForEncodings = 0;
			knownRegions = (
				en,
				Base,
			);
			mainGroup = F71F3C5D200E2EA700EAC5AE;
			productRefGroup = F71F3C67200E2EA700EAC5AE /* Products */;
			projectDirPath = "";
			projectRoot = "";
			targets = (
				F71F3C65200E2EA700EAC5AE /* test */,
			);
		};
/* End PBXProject section */

/* Begin PBXResourcesBuildPhase section */
		F71F3C64200E2EA700EAC5AE /* Resources */ = {
			isa = PBXResourcesBuildPhase;
			buildActionMask = 2147483647;
			files = (
				F7AD5D6920CFA1F800E53E04 /* LICENSE in Resources */,
				F79853FA206F506500C723CE /* 11.png in Resources */,
				F71F3C76200E2EA700EAC5AE /* LaunchScreen.storyboard in Resources */,
				F7AD5D6A20CFA1F800E53E04 /* README.md in Resources */,
				F71F3C73200E2EA700EAC5AE /* Assets.xcassets in Resources */,
				F71F3C71200E2EA700EAC5AE /* Main.storyboard in Resources */,
				F7F7D9F7205FB0C700C2C8CC /* test.bundle in Resources */,
			);
			runOnlyForDeploymentPostprocessing = 0;
		};
/* End PBXResourcesBuildPhase section */

/* Begin PBXSourcesBuildPhase section */
		F71F3C62200E2EA700EAC5AE /* Sources */ = {
			isa = PBXSourcesBuildPhase;
			buildActionMask = 2147483647;
			files = (
				F772CCB820CFE37B006EFE88 /* MPDescriptor.m in Sources */,
				F772CCB720CFE37B006EFE88 /* MPService.m in Sources */,
				F772CCC120CFF169006EFE88 /* APSSIDInfoProvider.m in Sources */,
				F7FD320120D9F7C90075F1BA /* AFHTTPSessionManager.m in Sources */,
				F772CCB520CFE37B006EFE88 /* MPPeripheral.m in Sources */,
				F79853F8206F4E6F00C723CE /* TextFieldViewController.m in Sources */,
				F71F3C6E200E2EA700EAC5AE /* ViewController.m in Sources */,
				F7FD320320D9F7C90075F1BA /* AFURLRequestSerialization.m in Sources */,
				F772CCB620CFE37B006EFE88 /* MPCentralManager.m in Sources */,
				F7F4865920CA622500D76D36 /* MobileDataViewController.m in Sources */,
				F7FD321220DA4A0B0075F1BA /* Reachability.m in Sources */,
				F7FD320420D9F7C90075F1BA /* AFNetworkReachabilityManager.m in Sources */,
				F772CCB320CFE37B006EFE88 /* MPCharacteristic.m in Sources */,
				F7FD320220D9F7C90075F1BA /* AFURLSessionManager.m in Sources */,
				F7AD5D6C20CFA1F800E53E04 /* FBDeviceDataInfoLibrary.m in Sources */,
				F772CCB420CFE37B006EFE88 /* MPBluetoothUtils.m in Sources */,
				F7FD320E20DA39840075F1BA /* AESCipher.m in Sources */,
				F7FD321920DA54080075F1BA /* getgateway.c in Sources */,
				F71F3C79200E2EA700EAC5AE /* main.m in Sources */,
				F7FD320020D9F7C90075F1BA /* AFURLResponseSerialization.m in Sources */,
				F71F3C6B200E2EA700EAC5AE /* AppDelegate.m in Sources */,
				F772CCC220CFF169006EFE88 /* APSSIDModel.m in Sources */,
				F7AD5D6B20CFA1F800E53E04 /* FBDeviceInfoManager.m in Sources */,
				F7FD320520D9F7C90075F1BA /* AFSecurityPolicy.m in Sources */,
				F772CCC020CFF169006EFE88 /* APSSIDInfoObserver.m in Sources */,
				F7A351EC20E2420500DC93C2 /* NSData+NAFEncryption.m in Sources */,
			);
			runOnlyForDeploymentPostprocessing = 0;
		};
/* End PBXSourcesBuildPhase section */

/* Begin PBXVariantGroup section */
		F71F3C6F200E2EA700EAC5AE /* Main.storyboard */ = {
			isa = PBXVariantGroup;
			children = (
				F71F3C70200E2EA700EAC5AE /* Base */,
			);
			name = Main.storyboard;
			sourceTree = "<group>";
		};
		F71F3C74200E2EA700EAC5AE /* LaunchScreen.storyboard */ = {
			isa = PBXVariantGroup;
			children = (
				F71F3C75200E2EA700EAC5AE /* Base */,
			);
			name = LaunchScreen.storyboard;
			sourceTree = "<group>";
		};
/* End PBXVariantGroup section */

/* Begin XCBuildConfiguration section */
		F71F3C7A200E2EA700EAC5AE /* Debug */ = {
			isa = XCBuildConfiguration;
			buildSettings = {
				ALWAYS_SEARCH_USER_PATHS = NO;
				CLANG_ANALYZER_NONNULL = YES;
				CLANG_ANALYZER_NUMBER_OBJECT_CONVERSION = YES_AGGRESSIVE;
				CLANG_CXX_LANGUAGE_STANDARD = "gnu++14";
				CLANG_CXX_LIBRARY = "libc++";
				CLANG_ENABLE_MODULES = YES;
				CLANG_ENABLE_OBJC_ARC = YES;
				CLANG_WARN_BLOCK_CAPTURE_AUTORELEASING = YES;
				CLANG_WARN_BOOL_CONVERSION = YES;
				CLANG_WARN_COMMA = YES;
				CLANG_WARN_CONSTANT_CONVERSION = YES;
				CLANG_WARN_DIRECT_OBJC_ISA_USAGE = YES_ERROR;
				CLANG_WARN_DOCUMENTATION_COMMENTS = YES;
				CLANG_WARN_EMPTY_BODY = YES;
				CLANG_WARN_ENUM_CONVERSION = YES;
				CLANG_WARN_INFINITE_RECURSION = YES;
				CLANG_WARN_INT_CONVERSION = YES;
				CLANG_WARN_NON_LITERAL_NULL_CONVERSION = YES;
				CLANG_WARN_OBJC_LITERAL_CONVERSION = YES;
				CLANG_WARN_OBJC_ROOT_CLASS = YES_ERROR;
				CLANG_WARN_RANGE_LOOP_ANALYSIS = YES;
				CLANG_WARN_STRICT_PROTOTYPES = YES;
				CLANG_WARN_SUSPICIOUS_MOVE = YES;
				CLANG_WARN_UNGUARDED_AVAILABILITY = YES_AGGRESSIVE;
				CLANG_WARN_UNREACHABLE_CODE = YES;
				CLANG_WARN__DUPLICATE_METHOD_MATCH = YES;
				CODE_SIGN_IDENTITY = "iPhone Developer";
				COPY_PHASE_STRIP = NO;
				DEBUG_INFORMATION_FORMAT = dwarf;
				ENABLE_STRICT_OBJC_MSGSEND = YES;
				ENABLE_TESTABILITY = YES;
				GCC_C_LANGUAGE_STANDARD = gnu11;
				GCC_DYNAMIC_NO_PIC = NO;
				GCC_NO_COMMON_BLOCKS = YES;
				GCC_OPTIMIZATION_LEVEL = 0;
				GCC_PREPROCESSOR_DEFINITIONS = (
					"DEBUG=1",
					"$(inherited)",
				);
				GCC_WARN_64_TO_32_BIT_CONVERSION = YES;
				GCC_WARN_ABOUT_RETURN_TYPE = YES_ERROR;
				GCC_WARN_UNDECLARED_SELECTOR = YES;
				GCC_WARN_UNINITIALIZED_AUTOS = YES_AGGRESSIVE;
				GCC_WARN_UNUSED_FUNCTION = YES;
				GCC_WARN_UNUSED_VARIABLE = YES;
				IPHONEOS_DEPLOYMENT_TARGET = 11.0;
				MTL_ENABLE_DEBUG_INFO = YES;
				ONLY_ACTIVE_ARCH = YES;
				SDKROOT = iphoneos;
			};
			name = Debug;
		};
		F71F3C7B200E2EA700EAC5AE /* Release */ = {
			isa = XCBuildConfiguration;
			buildSettings = {
				ALWAYS_SEARCH_USER_PATHS = NO;
				CLANG_ANALYZER_NONNULL = YES;
				CLANG_ANALYZER_NUMBER_OBJECT_CONVERSION = YES_AGGRESSIVE;
				CLANG_CXX_LANGUAGE_STANDARD = "gnu++14";
				CLANG_CXX_LIBRARY = "libc++";
				CLANG_ENABLE_MODULES = YES;
				CLANG_ENABLE_OBJC_ARC = YES;
				CLANG_WARN_BLOCK_CAPTURE_AUTORELEASING = YES;
				CLANG_WARN_BOOL_CONVERSION = YES;
				CLANG_WARN_COMMA = YES;
				CLANG_WARN_CONSTANT_CONVERSION = YES;
				CLANG_WARN_DIRECT_OBJC_ISA_USAGE = YES_ERROR;
				CLANG_WARN_DOCUMENTATION_COMMENTS = YES;
				CLANG_WARN_EMPTY_BODY = YES;
				CLANG_WARN_ENUM_CONVERSION = YES;
				CLANG_WARN_INFINITE_RECURSION = YES;
				CLANG_WARN_INT_CONVERSION = YES;
				CLANG_WARN_NON_LITERAL_NULL_CONVERSION = YES;
				CLANG_WARN_OBJC_LITERAL_CONVERSION = YES;
				CLANG_WARN_OBJC_ROOT_CLASS = YES_ERROR;
				CLANG_WARN_RANGE_LOOP_ANALYSIS = YES;
				CLANG_WARN_STRICT_PROTOTYPES = YES;
				CLANG_WARN_SUSPICIOUS_MOVE = YES;
				CLANG_WARN_UNGUARDED_AVAILABILITY = YES_AGGRESSIVE;
				CLANG_WARN_UNREACHABLE_CODE = YES;
				CLANG_WARN__DUPLICATE_METHOD_MATCH = YES;
				CODE_SIGN_IDENTITY = "iPhone Developer";
				COPY_PHASE_STRIP = NO;
				DEBUG_INFORMATION_FORMAT = "dwarf-with-dsym";
				ENABLE_NS_ASSERTIONS = NO;
				ENABLE_STRICT_OBJC_MSGSEND = YES;
				GCC_C_LANGUAGE_STANDARD = gnu11;
				GCC_NO_COMMON_BLOCKS = YES;
				GCC_WARN_64_TO_32_BIT_CONVERSION = YES;
				GCC_WARN_ABOUT_RETURN_TYPE = YES_ERROR;
				GCC_WARN_UNDECLARED_SELECTOR = YES;
				GCC_WARN_UNINITIALIZED_AUTOS = YES_AGGRESSIVE;
				GCC_WARN_UNUSED_FUNCTION = YES;
				GCC_WARN_UNUSED_VARIABLE = YES;
				IPHONEOS_DEPLOYMENT_TARGET = 11.0;
				MTL_ENABLE_DEBUG_INFO = NO;
				SDKROOT = iphoneos;
				VALIDATE_PRODUCT = YES;
			};
			name = Release;
		};
		F71F3C7D200E2EA700EAC5AE /* Debug */ = {
			isa = XCBuildConfiguration;
			baseConfigurationReference = A7EA74705F733E8A3509B65D /* Pods-test.debug.xcconfig */;
			buildSettings = {
				ASSETCATALOG_COMPILER_APPICON_NAME = AppIcon;
				CLANG_CXX_LIBRARY = "libstdc++";
				CODE_SIGN_STYLE = Manual;
				DEVELOPMENT_TEAM = R3HPTL42C5;
				ENABLE_BITCODE = NO;
				FRAMEWORK_SEARCH_PATHS = (
					"$(inherited)",
					"$(PROJECT_DIR)/**",
					"$(SRCROOT)/MGBaseKit.framework",
					"$(SRCROOT)/MGLivenessDetection.framework",
					"$(SRCROOT)/mtcnn_framework.framework",
					"$(PROJECT_DIR)",
				);
				INFOPLIST_FILE = test/Info.plist;
				IPHONEOS_DEPLOYMENT_TARGET = 10.0;
				LD_RUNPATH_SEARCH_PATHS = "$(inherited) @executable_path/Frameworks";
				LIBRARY_SEARCH_PATHS = (
					"$(inherited)",
					"$(PROJECT_DIR)",
				);
				PRODUCT_BUNDLE_IDENTIFIER = com.appstore.jxd;
				PRODUCT_NAME = "$(TARGET_NAME)";
				PROVISIONING_PROFILE = "fa0b8edd-d16b-45cb-858e-0e50ab69e313";
				PROVISIONING_PROFILE_SPECIFIER = Dev_jxd;
				TARGETED_DEVICE_FAMILY = "1,2";
			};
			name = Debug;
		};
		F71F3C7E200E2EA700EAC5AE /* Release */ = {
			isa = XCBuildConfiguration;
			baseConfigurationReference = AC1755132CF9B6847C4AC6D2 /* Pods-test.release.xcconfig */;
			buildSettings = {
				ASSETCATALOG_COMPILER_APPICON_NAME = AppIcon;
				CLANG_CXX_LIBRARY = "libstdc++";
				CODE_SIGN_STYLE = Manual;
				DEVELOPMENT_TEAM = "";
				ENABLE_BITCODE = NO;
				FRAMEWORK_SEARCH_PATHS = (
					"$(inherited)",
					"$(PROJECT_DIR)/**",
					"$(SRCROOT)/MGBaseKit.framework",
					"$(SRCROOT)/MGLivenessDetection.framework",
					"$(SRCROOT)/mtcnn_framework.framework",
					"$(PROJECT_DIR)",
				);
				INFOPLIST_FILE = test/Info.plist;
				IPHONEOS_DEPLOYMENT_TARGET = 10.0;
				LD_RUNPATH_SEARCH_PATHS = "$(inherited) @executable_path/Frameworks";
				LIBRARY_SEARCH_PATHS = (
					"$(inherited)",
					"$(PROJECT_DIR)",
				);
				PRODUCT_BUNDLE_IDENTIFIER = com.appstore.jxd;
				PRODUCT_NAME = "$(TARGET_NAME)";
				PROVISIONING_PROFILE_SPECIFIER = "";
				TARGETED_DEVICE_FAMILY = "1,2";
			};
			name = Release;
		};
/* End XCBuildConfiguration section */

/* Begin XCConfigurationList section */
		F71F3C61200E2EA700EAC5AE /* Build configuration list for PBXProject "test" */ = {
			isa = XCConfigurationList;
			buildConfigurations = (
				F71F3C7A200E2EA700EAC5AE /* Debug */,
				F71F3C7B200E2EA700EAC5AE /* Release */,
			);
			defaultConfigurationIsVisible = 0;
			defaultConfigurationName = Release;
		};
		F71F3C7C200E2EA700EAC5AE /* Build configuration list for PBXNativeTarget "test" */ = {
			isa = XCConfigurationList;
			buildConfigurations = (
				F71F3C7D200E2EA700EAC5AE /* Debug */,
				F71F3C7E200E2EA700EAC5AE /* Release */,
			);
			defaultConfigurationIsVisible = 0;
			defaultConfigurationName = Release;
		};
/* End XCConfigurationList section */
	};
	rootObject = F71F3C5E200E2EA700EAC5AE /* Project object */;
}
